
Microsoft Visual Studio Solution File, Format Version 12.00
# Visual Studio Version 16
VisualStudioVersion = 16.0.29728.190
MinimumVisualStudioVersion = 10.0.40219.1
Project("{FAE04EC0-301F-11D3-BF4B-00C04F79EFBC}") = "practiceframeworkapp", "practiceframeworkapp\practiceframeworkapp.csproj", "{DD9BB4DC-CCA4-4E8B-9F05-2E75FCB98AC0}"
EndProject
Global
	GlobalSection(SolutionConfigurationPlatforms) = preSolution
		Debug|Any CPU = Debug|Any CPU
		Release|Any CPU = Release|Any CPU
	EndGlobalSection
	GlobalSection(ProjectConfigurationPlatforms) = postSolution
		{DD9BB4DC-CCA4-4E8B-9F05-2E75FCB98AC0}.Debug|Any CPU.ActiveCfg = Debug|Any CPU
		{DD9BB4DC-CCA4-4E8B-9F05-2E75FCB98AC0}.Debug|Any CPU.Build.0 = Debug|Any CPU
		{DD9BB4DC-CCA4-4E8B-9F05-2E75FCB98AC0}.Release|Any CPU.ActiveCfg = Release|Any CPU
		{DD9BB4DC-CCA4-4E8B-9F05-2E75FCB98AC0}.Release|Any CPU.Build.0 = Release|Any CPU
	EndGlobalSection
	GlobalSection(SolutionProperties) = preSolution
		HideSolutionNode = FALSE
	EndGlobalSection
	GlobalSection(ExtensibilityGlobals) = postSolution
		SolutionGuid = {3B980F8F-2D4A-4E1A-A14A-614743CC661D}
	EndGlobalSection
EndGlobal
